
Microsoft Visual Studio Solution File, Format Version 12.00
# Visual Studio 15
VisualStudioVersion = 15.0.28010.2026
MinimumVisualStudioVersion = 10.0.40219.1
Project("{FAE04EC0-301F-11D3-BF4B-00C04F79EFBC}") = "CFI_App", "CFI_App\CFI_App.csproj", "{970D6AE0-942A-47C8-9156-251C009AA9D8}"
EndProject
Project("{FAE04EC0-301F-11D3-BF4B-00C04F79EFBC}") = "TestProject", "TestProject\TestProject.csproj", "{27640013-324C-4F92-9F20-C82754126947}"
EndProject
Global
	GlobalSection(SolutionConfigurationPlatforms) = preSolution
		Debug|Any CPU = Debug|Any CPU
		Release|Any CPU = Release|Any CPU
	EndGlobalSection
	GlobalSection(ProjectConfigurationPlatforms) = postSolution
		{970D6AE0-942A-47C8-9156-251C009AA9D8}.Debug|Any CPU.ActiveCfg = Debug|Any CPU
		{970D6AE0-942A-47C8-9156-251C009AA9D8}.Debug|Any CPU.Build.0 = Debug|Any CPU
		{970D6AE0-942A-47C8-9156-251C009AA9D8}.Release|Any CPU.ActiveCfg = Release|Any CPU
		{970D6AE0-942A-47C8-9156-251C009AA9D8}.Release|Any CPU.Build.0 = Release|Any CPU
		{27640013-324C-4F92-9F20-C82754126947}.Debug|Any CPU.ActiveCfg = Debug|Any CPU
		{27640013-324C-4F92-9F20-C82754126947}.Debug|Any CPU.Build.0 = Debug|Any CPU
		{27640013-324C-4F92-9F20-C82754126947}.Release|Any CPU.ActiveCfg = Release|Any CPU
		{27640013-324C-4F92-9F20-C82754126947}.Release|Any CPU.Build.0 = Release|Any CPU
	EndGlobalSection
	GlobalSection(SolutionProperties) = preSolution
		HideSolutionNode = FALSE
	EndGlobalSection
	GlobalSection(ExtensibilityGlobals) = postSolution
		SolutionGuid = {1F4B15EF-F85C-48DA-BFFC-88A86113BF5A}
	EndGlobalSection
EndGlobal
